
Microsoft Visual Studio Solution File, Format Version 12.00
# Visual Studio Version 17
VisualStudioVersion = 17.7.34031.279
MinimumVisualStudioVersion = 10.0.40219.1
Project("{FAE04EC0-301F-11D3-BF4B-00C04F79EFBC}") = "AppliedJobs", "AppliedJobs\AppliedJobs.csproj", "{AA9A38E4-CCD1-4821-8828-9F9D4F850C7C}"
EndProject
Global
	GlobalSection(SolutionConfigurationPlatforms) = preSolution
		Debug|Any CPU = Debug|Any CPU
		Release|Any CPU = Release|Any CPU
	EndGlobalSection
	GlobalSection(ProjectConfigurationPlatforms) = postSolution
		{AA9A38E4-CCD1-4821-8828-9F9D4F850C7C}.Debug|Any CPU.ActiveCfg = Debug|Any CPU
		{AA9A38E4-CCD1-4821-8828-9F9D4F850C7C}.Debug|Any CPU.Build.0 = Debug|Any CPU
		{AA9A38E4-CCD1-4821-8828-9F9D4F850C7C}.Release|Any CPU.ActiveCfg = Release|Any CPU
		{AA9A38E4-CCD1-4821-8828-9F9D4F850C7C}.Release|Any CPU.Build.0 = Release|Any CPU
	EndGlobalSection
	GlobalSection(SolutionProperties) = preSolution
		HideSolutionNode = FALSE
	EndGlobalSection
	GlobalSection(ExtensibilityGlobals) = postSolution
		SolutionGuid = {A1D0AC65-E999-413C-BC04-55329A3B38D3}
	EndGlobalSection
EndGlobal
